// !$*UTF8*$!
{
	archiveVersion = 1;
	classes = {
	};
	objectVersion = 48;
	objects = {

/* Begin PBXBuildFile section */
		72ABC7A47135D2125A16E552 /* Pods_SampleFabric.framework in Frameworks */ = {isa = PBXBuildFile; fileRef = 5D982FA8D21A08562825B552 /* Pods_SampleFabric.framework */; };
		FA491FBD2056B3CD00BA139F /* AppDelegate.swift in Sources */ = {isa = PBXBuildFile; fileRef = FA491FBC2056B3CD00BA139F /* AppDelegate.swift */; };
		FA491FC22056B3CD00BA139F /* Main.storyboard in Resources */ = {isa = PBXBuildFile; fileRef = FA491FC02056B3CD00BA139F /* Main.storyboard */; };
		FA491FC42056B3CD00BA139F /* Assets.xcassets in Resources */ = {isa = PBXBuildFile; fileRef = FA491FC32056B3CD00BA139F /* Assets.xcassets */; };
		FA491FC72056B3CD00BA139F /* LaunchScreen.storyboard in Resources */ = {isa = PBXBuildFile; fileRef = FA491FC52056B3CD00BA139F /* LaunchScreen.storyboard */; };
		FAD824692056EA6100CE0DD3 /* ViewControllerAnalitics.swift in Sources */ = {isa = PBXBuildFile; fileRef = FAD824682056EA6100CE0DD3 /* ViewControllerAnalitics.swift */; };
		FAD8246B2056EBEE00CE0DD3 /* FirstScreenViewController.swift in Sources */ = {isa = PBXBuildFile; fileRef = FAD8246A2056EBEE00CE0DD3 /* FirstScreenViewController.swift */; };
		FAD8246D2056EC1700CE0DD3 /* SecondScreenViewController.swift in Sources */ = {isa = PBXBuildFile; fileRef = FAD8246C2056EC1700CE0DD3 /* SecondScreenViewController.swift */; };
		FAD824712056EF9000CE0DD3 /* TableViewControllerAnalytics.swift in Sources */ = {isa = PBXBuildFile; fileRef = FAD824702056EF9000CE0DD3 /* TableViewControllerAnalytics.swift */; };
		FAFB704020583FA600A8B602 /* MockTableViewCell.swift in Sources */ = {isa = PBXBuildFile; fileRef = FAFB703F20583FA600A8B602 /* MockTableViewCell.swift */; };
		FAFB704220583FAE00A8B602 /* MockItem.swift in Sources */ = {isa = PBXBuildFile; fileRef = FAFB704120583FAE00A8B602 /* MockItem.swift */; };
		FAFB70442058401600A8B602 /* PhotoViewController.swift in Sources */ = {isa = PBXBuildFile; fileRef = FAFB70432058401600A8B602 /* PhotoViewController.swift */; };
/* End PBXBuildFile section */

/* Begin PBXFileReference section */
		4BE50D8B6427BA6EB83A9BAA /* libPods-SampleAppCenter.a */ = {isa = PBXFileReference; explicitFileType = archive.ar; includeInIndex = 0; path = "libPods-SampleAppCenter.a"; sourceTree = BUILT_PRODUCTS_DIR; };
		57742CE1B4355A7FC9A4F4C2 /* Pods-SampleFabric.debug.xcconfig */ = {isa = PBXFileReference; includeInIndex = 1; lastKnownFileType = text.xcconfig; name = "Pods-SampleFabric.debug.xcconfig"; path = "Pods/Target Support Files/Pods-SampleFabric/Pods-SampleFabric.debug.xcconfig"; sourceTree = "<group>"; };
		5D982FA8D21A08562825B552 /* Pods_SampleFabric.framework */ = {isa = PBXFileReference; explicitFileType = wrapper.framework; includeInIndex = 0; path = Pods_SampleFabric.framework; sourceTree = BUILT_PRODUCTS_DIR; };
		82CFC328C61BBEE8980ABD02 /* Pods-SampleFabric.release.xcconfig */ = {isa = PBXFileReference; includeInIndex = 1; lastKnownFileType = text.xcconfig; name = "Pods-SampleFabric.release.xcconfig"; path = "Pods/Target Support Files/Pods-SampleFabric/Pods-SampleFabric.release.xcconfig"; sourceTree = "<group>"; };
		FA491FB92056B3CC00BA139F /* SampleFabric.app */ = {isa = PBXFileReference; explicitFileType = wrapper.application; includeInIndex = 0; path = SampleFabric.app; sourceTree = BUILT_PRODUCTS_DIR; };
		FA491FBC2056B3CD00BA139F /* AppDelegate.swift */ = {isa = PBXFileReference; lastKnownFileType = sourcecode.swift; path = AppDelegate.swift; sourceTree = "<group>"; };
		FA491FC12056B3CD00BA139F /* Base */ = {isa = PBXFileReference; lastKnownFileType = file.storyboard; name = Base; path = Base.lproj/Main.storyboard; sourceTree = "<group>"; };
		FA491FC32056B3CD00BA139F /* Assets.xcassets */ = {isa = PBXFileReference; lastKnownFileType = folder.assetcatalog; path = Assets.xcassets; sourceTree = "<group>"; };
		FA491FC62056B3CD00BA139F /* Base */ = {isa = PBXFileReference; lastKnownFileType = file.storyboard; name = Base; path = Base.lproj/LaunchScreen.storyboard; sourceTree = "<group>"; };
		FA491FC82056B3CD00BA139F /* Info.plist */ = {isa = PBXFileReference; lastKnownFileType = text.plist.xml; path = Info.plist; sourceTree = "<group>"; };
		FAD824682056EA6100CE0DD3 /* ViewControllerAnalitics.swift */ = {isa = PBXFileReference; lastKnownFileType = sourcecode.swift; path = ViewControllerAnalitics.swift; sourceTree = "<group>"; };
		FAD8246A2056EBEE00CE0DD3 /* FirstScreenViewController.swift */ = {isa = PBXFileReference; lastKnownFileType = sourcecode.swift; path = FirstScreenViewController.swift; sourceTree = "<group>"; };
		FAD8246C2056EC1700CE0DD3 /* SecondScreenViewController.swift */ = {isa = PBXFileReference; lastKnownFileType = sourcecode.swift; path = SecondScreenViewController.swift; sourceTree = "<group>"; };
		FAD824702056EF9000CE0DD3 /* TableViewControllerAnalytics.swift */ = {isa = PBXFileReference; lastKnownFileType = sourcecode.swift; path = TableViewControllerAnalytics.swift; sourceTree = "<group>"; };
		FAFB703F20583FA600A8B602 /* MockTableViewCell.swift */ = {isa = PBXFileReference; fileEncoding = 4; lastKnownFileType = sourcecode.swift; path = MockTableViewCell.swift; sourceTree = "<group>"; };
		FAFB704120583FAE00A8B602 /* MockItem.swift */ = {isa = PBXFileReference; fileEncoding = 4; lastKnownFileType = sourcecode.swift; path = MockItem.swift; sourceTree = "<group>"; };
		FAFB70432058401600A8B602 /* PhotoViewController.swift */ = {isa = PBXFileReference; fileEncoding = 4; lastKnownFileType = sourcecode.swift; path = PhotoViewController.swift; sourceTree = "<group>"; };
/* End PBXFileReference section */

/* Begin PBXFrameworksBuildPhase section */
		FA491FB62056B3CC00BA139F /* Frameworks */ = {
			isa = PBXFrameworksBuildPhase;
			buildActionMask = 2147483647;
			files = (
				72ABC7A47135D2125A16E552 /* Pods_SampleFabric.framework in Frameworks */,
			);
			runOnlyForDeploymentPostprocessing = 0;
		};
/* End PBXFrameworksBuildPhase section */

/* Begin PBXGroup section */
		3B5C0DD7EBAFF7DF71FF3581 /* Pods */ = {
			isa = PBXGroup;
			children = (
				57742CE1B4355A7FC9A4F4C2 /* Pods-SampleFabric.debug.xcconfig */,
				82CFC328C61BBEE8980ABD02 /* Pods-SampleFabric.release.xcconfig */,
			);
			name = Pods;
			sourceTree = "<group>";
		};
		574FE8AE8CF790E827860C83 /* Frameworks */ = {
			isa = PBXGroup;
			children = (
				4BE50D8B6427BA6EB83A9BAA /* libPods-SampleAppCenter.a */,
				5D982FA8D21A08562825B552 /* Pods_SampleFabric.framework */,
			);
			name = Frameworks;
			sourceTree = "<group>";
		};
		FA491FB02056B3CC00BA139F = {
			isa = PBXGroup;
			children = (
				FA491FBB2056B3CC00BA139F /* SampleFabric */,
				FA491FBA2056B3CC00BA139F /* Products */,
				3B5C0DD7EBAFF7DF71FF3581 /* Pods */,
				574FE8AE8CF790E827860C83 /* Frameworks */,
			);
			sourceTree = "<group>";
		};
		FA491FBA2056B3CC00BA139F /* Products */ = {
			isa = PBXGroup;
			children = (
				FA491FB92056B3CC00BA139F /* SampleFabric.app */,
			);
			name = Products;
			sourceTree = "<group>";
		};
		FA491FBB2056B3CC00BA139F /* SampleFabric */ = {
			isa = PBXGroup;
			children = (
				FAFB703C20583F7C00A8B602 /* Views */,
				FAFB703B20583F6700A8B602 /* Models */,
				FAD824642056E67700CE0DD3 /* Controllers */,
				FAD824612056E62100CE0DD3 /* Supporting Files */,
			);
			path = SampleFabric;
			sourceTree = "<group>";
		};
		FAD824612056E62100CE0DD3 /* Supporting Files */ = {
			isa = PBXGroup;
			children = (
				FA491FBC2056B3CD00BA139F /* AppDelegate.swift */,
				FA491FC02056B3CD00BA139F /* Main.storyboard */,
				FA491FC32056B3CD00BA139F /* Assets.xcassets */,
				FA491FC52056B3CD00BA139F /* LaunchScreen.storyboard */,
				FA491FC82056B3CD00BA139F /* Info.plist */,
			);
			path = "Supporting Files";
			sourceTree = "<group>";
		};
		FAD824642056E67700CE0DD3 /* Controllers */ = {
			isa = PBXGroup;
			children = (
				FAD824682056EA6100CE0DD3 /* ViewControllerAnalitics.swift */,
				FAD824702056EF9000CE0DD3 /* TableViewControllerAnalytics.swift */,
				FAD8246A2056EBEE00CE0DD3 /* FirstScreenViewController.swift */,
				FAD8246C2056EC1700CE0DD3 /* SecondScreenViewController.swift */,
				FAFB70432058401600A8B602 /* PhotoViewController.swift */,
			);
			path = Controllers;
			sourceTree = "<group>";
		};
		FAFB703B20583F6700A8B602 /* Models */ = {
			isa = PBXGroup;
			children = (
				FAFB704120583FAE00A8B602 /* MockItem.swift */,
			);
			path = Models;
			sourceTree = "<group>";
		};
		FAFB703C20583F7C00A8B602 /* Views */ = {
			isa = PBXGroup;
			children = (
				FAFB703F20583FA600A8B602 /* MockTableViewCell.swift */,
			);
			path = Views;
			sourceTree = "<group>";
		};
/* End PBXGroup section */

/* Begin PBXNativeTarget section */
		FA491FB82056B3CC00BA139F /* SampleFabric */ = {
			isa = PBXNativeTarget;
			buildConfigurationList = FA491FCB2056B3CD00BA139F /* Build configuration list for PBXNativeTarget "SampleFabric" */;
			buildPhases = (
				586C537C26901889C414E82D /* [CP] Check Pods Manifest.lock */,
				FA491FB52056B3CC00BA139F /* Sources */,
				FA491FB62056B3CC00BA139F /* Frameworks */,
				FA491FB72056B3CC00BA139F /* Resources */,
				4866F013D05326AF08AC7938 /* [CP] Embed Pods Frameworks */,
				D59018E6998977C21420D71D /* [CP] Copy Pods Resources */,
				FA1CB6C420571C94003609E7 /* ShellScript */,
			);
			buildRules = (
			);
			dependencies = (
			);
			name = SampleFabric;
			productName = SampleAppCenter;
			productReference = FA491FB92056B3CC00BA139F /* SampleFabric.app */;
			productType = "com.apple.product-type.application";
		};
/* End PBXNativeTarget section */

/* Begin PBXProject section */
		FA491FB12056B3CC00BA139F /* Project object */ = {
			isa = PBXProject;
			attributes = {
				LastSwiftUpdateCheck = 0920;
				LastUpgradeCheck = 0920;
				ORGANIZATIONNAME = "Leonardo Mendes";
				TargetAttributes = {
					FA491FB82056B3CC00BA139F = {
						CreatedOnToolsVersion = 9.2;
						ProvisioningStyle = Automatic;
					};
				};
			};
			buildConfigurationList = FA491FB42056B3CC00BA139F /* Build configuration list for PBXProject "SampleFabric" */;
			compatibilityVersion = "Xcode 8.0";
			developmentRegion = en;
			hasScannedForEncodings = 0;
			knownRegions = (
				en,
				Base,
			);
			mainGroup = FA491FB02056B3CC00BA139F;
			productRefGroup = FA491FBA2056B3CC00BA139F /* Products */;
			projectDirPath = "";
			projectRoot = "";
			targets = (
				FA491FB82056B3CC00BA139F /* SampleFabric */,
			);
		};
/* End PBXProject section */

/* Begin PBXResourcesBuildPhase section */
		FA491FB72056B3CC00BA139F /* Resources */ = {
			isa = PBXResourcesBuildPhase;
			buildActionMask = 2147483647;
			files = (
				FA491FC72056B3CD00BA139F /* LaunchScreen.storyboard in Resources */,
				FA491FC42056B3CD00BA139F /* Assets.xcassets in Resources */,
				FA491FC22056B3CD00BA139F /* Main.storyboard in Resources */,
			);
			runOnlyForDeploymentPostprocessing = 0;
		};
/* End PBXResourcesBuildPhase section */

/* Begin PBXShellScriptBuildPhase section */
		4866F013D05326AF08AC7938 /* [CP] Embed Pods Frameworks */ = {
			isa = PBXShellScriptBuildPhase;
			buildActionMask = 2147483647;
			files = (
			);
			inputPaths = (
			);
			name = "[CP] Embed Pods Frameworks";
			outputPaths = (
			);
			runOnlyForDeploymentPostprocessing = 0;
			shellPath = /bin/sh;
			shellScript = "\"${SRCROOT}/Pods/Target Support Files/Pods-SampleFabric/Pods-SampleFabric-frameworks.sh\"\n";
			showEnvVarsInLog = 0;
		};
		586C537C26901889C414E82D /* [CP] Check Pods Manifest.lock */ = {
			isa = PBXShellScriptBuildPhase;
			buildActionMask = 2147483647;
			files = (
			);
			inputPaths = (
				"${PODS_PODFILE_DIR_PATH}/Podfile.lock",
				"${PODS_ROOT}/Manifest.lock",
			);
			name = "[CP] Check Pods Manifest.lock";
			outputPaths = (
				"$(DERIVED_FILE_DIR)/Pods-SampleFabric-checkManifestLockResult.txt",
			);
			runOnlyForDeploymentPostprocessing = 0;
			shellPath = /bin/sh;
			shellScript = "diff \"${PODS_PODFILE_DIR_PATH}/Podfile.lock\" \"${PODS_ROOT}/Manifest.lock\" > /dev/null\nif [ $? != 0 ] ; then\n    # print error to STDERR\n    echo \"error: The sandbox is not in sync with the Podfile.lock. Run 'pod install' or update your CocoaPods installation.\" >&2\n    exit 1\nfi\n# This output is used by Xcode 'outputs' to avoid re-running this script phase.\necho \"SUCCESS\" > \"${SCRIPT_OUTPUT_FILE_0}\"\n";
			showEnvVarsInLog = 0;
		};
		D59018E6998977C21420D71D /* [CP] Copy Pods Resources */ = {
			isa = PBXShellScriptBuildPhase;
			buildActionMask = 2147483647;
			files = (
			);
			inputPaths = (
			);
			name = "[CP] Copy Pods Resources";
			outputPaths = (
			);
			runOnlyForDeploymentPostprocessing = 0;
			shellPath = /bin/sh;
			shellScript = "\"${SRCROOT}/Pods/Target Support Files/Pods-SampleFabric/Pods-SampleFabric-resources.sh\"\n";
			showEnvVarsInLog = 0;
		};
		FA1CB6C420571C94003609E7 /* ShellScript */ = {
			isa = PBXShellScriptBuildPhase;
			buildActionMask = 2147483647;
			files = (
			);
			inputPaths = (
			);
			outputPaths = (
			);
			runOnlyForDeploymentPostprocessing = 0;
			shellPath = /bin/sh;
			shellScript = "\"${PODS_ROOT}/Fabric/run\" 0cba3138115f095287c9d7e891acde988a49c79e 9b91a85b49b226b0532bdf502dcba269694e20831ea63307ad4b9355dd1d7fb8";
		};
/* End PBXShellScriptBuildPhase section */

/* Begin PBXSourcesBuildPhase section */
		FA491FB52056B3CC00BA139F /* Sources */ = {
			isa = PBXSourcesBuildPhase;
			buildActionMask = 2147483647;
			files = (
				FAFB704020583FA600A8B602 /* MockTableViewCell.swift in Sources */,
				FAFB704220583FAE00A8B602 /* MockItem.swift in Sources */,
				FAD8246D2056EC1700CE0DD3 /* SecondScreenViewController.swift in Sources */,
				FA491FBD2056B3CD00BA139F /* AppDelegate.swift in Sources */,
				FAD8246B2056EBEE00CE0DD3 /* FirstScreenViewController.swift in Sources */,
				FAFB70442058401600A8B602 /* PhotoViewController.swift in Sources */,
				FAD824712056EF9000CE0DD3 /* TableViewControllerAnalytics.swift in Sources */,
				FAD824692056EA6100CE0DD3 /* ViewControllerAnalitics.swift in Sources */,
			);
			runOnlyForDeploymentPostprocessing = 0;
		};
/* End PBXSourcesBuildPhase section */

/* Begin PBXVariantGroup section */
		FA491FC02056B3CD00BA139F /* Main.storyboard */ = {
			isa = PBXVariantGroup;
			children = (
				FA491FC12056B3CD00BA139F /* Base */,
			);
			name = Main.storyboard;
			sourceTree = "<group>";
		};
		FA491FC52056B3CD00BA139F /* LaunchScreen.storyboard */ = {
			isa = PBXVariantGroup;
			children = (
				FA491FC62056B3CD00BA139F /* Base */,
			);
			name = LaunchScreen.storyboard;
			sourceTree = "<group>";
		};
/* End PBXVariantGroup section */

/* Begin XCBuildConfiguration section */
		FA491FC92056B3CD00BA139F /* Debug */ = {
			isa = XCBuildConfiguration;
			buildSettings = {
				ALWAYS_SEARCH_USER_PATHS = NO;
				CLANG_ANALYZER_NONNULL = YES;
				CLANG_ANALYZER_NUMBER_OBJECT_CONVERSION = YES_AGGRESSIVE;
				CLANG_CXX_LANGUAGE_STANDARD = "gnu++14";
				CLANG_CXX_LIBRARY = "libc++";
				CLANG_ENABLE_MODULES = YES;
				CLANG_ENABLE_OBJC_ARC = YES;
				CLANG_WARN_BLOCK_CAPTURE_AUTORELEASING = YES;
				CLANG_WARN_BOOL_CONVERSION = YES;
				CLANG_WARN_COMMA = YES;
				CLANG_WARN_CONSTANT_CONVERSION = YES;
				CLANG_WARN_DIRECT_OBJC_ISA_USAGE = YES_ERROR;
				CLANG_WARN_DOCUMENTATION_COMMENTS = YES;
				CLANG_WARN_EMPTY_BODY = YES;
				CLANG_WARN_ENUM_CONVERSION = YES;
				CLANG_WARN_INFINITE_RECURSION = YES;
				CLANG_WARN_INT_CONVERSION = YES;
				CLANG_WARN_NON_LITERAL_NULL_CONVERSION = YES;
				CLANG_WARN_OBJC_LITERAL_CONVERSION = YES;
				CLANG_WARN_OBJC_ROOT_CLASS = YES_ERROR;
				CLANG_WARN_RANGE_LOOP_ANALYSIS = YES;
				CLANG_WARN_STRICT_PROTOTYPES = YES;
				CLANG_WARN_SUSPICIOUS_MOVE = YES;
				CLANG_WARN_UNGUARDED_AVAILABILITY = YES_AGGRESSIVE;
				CLANG_WARN_UNREACHABLE_CODE = YES;
				CLANG_WARN__DUPLICATE_METHOD_MATCH = YES;
				CODE_SIGN_IDENTITY = "iPhone Developer";
				COPY_PHASE_STRIP = NO;
				DEBUG_INFORMATION_FORMAT = dwarf;
				ENABLE_STRICT_OBJC_MSGSEND = YES;
				ENABLE_TESTABILITY = YES;
				GCC_C_LANGUAGE_STANDARD = gnu11;
				GCC_DYNAMIC_NO_PIC = NO;
				GCC_NO_COMMON_BLOCKS = YES;
				GCC_OPTIMIZATION_LEVEL = 0;
				GCC_PREPROCESSOR_DEFINITIONS = (
					"DEBUG=1",
					"$(inherited)",
				);
				GCC_WARN_64_TO_32_BIT_CONVERSION = YES;
				GCC_WARN_ABOUT_RETURN_TYPE = YES_ERROR;
				GCC_WARN_UNDECLARED_SELECTOR = YES;
				GCC_WARN_UNINITIALIZED_AUTOS = YES_AGGRESSIVE;
				GCC_WARN_UNUSED_FUNCTION = YES;
				GCC_WARN_UNUSED_VARIABLE = YES;
				IPHONEOS_DEPLOYMENT_TARGET = 11.2;
				MTL_ENABLE_DEBUG_INFO = YES;
				ONLY_ACTIVE_ARCH = YES;
				SDKROOT = iphoneos;
				SWIFT_ACTIVE_COMPILATION_CONDITIONS = DEBUG;
				SWIFT_OPTIMIZATION_LEVEL = "-Onone";
			};
			name = Debug;
		};
		FA491FCA2056B3CD00BA139F /* Release */ = {
			isa = XCBuildConfiguration;
			buildSettings = {
				ALWAYS_SEARCH_USER_PATHS = NO;
				CLANG_ANALYZER_NONNULL = YES;
				CLANG_ANALYZER_NUMBER_OBJECT_CONVERSION = YES_AGGRESSIVE;
				CLANG_CXX_LANGUAGE_STANDARD = "gnu++14";
				CLANG_CXX_LIBRARY = "libc++";
				CLANG_ENABLE_MODULES = YES;
				CLANG_ENABLE_OBJC_ARC = YES;
				CLANG_WARN_BLOCK_CAPTURE_AUTORELEASING = YES;
				CLANG_WARN_BOOL_CONVERSION = YES;
				CLANG_WARN_COMMA = YES;
				CLANG_WARN_CONSTANT_CONVERSION = YES;
				CLANG_WARN_DIRECT_OBJC_ISA_USAGE = YES_ERROR;
				CLANG_WARN_DOCUMENTATION_COMMENTS = YES;
				CLANG_WARN_EMPTY_BODY = YES;
				CLANG_WARN_ENUM_CONVERSION = YES;
				CLANG_WARN_INFINITE_RECURSION = YES;
				CLANG_WARN_INT_CONVERSION = YES;
				CLANG_WARN_NON_LITERAL_NULL_CONVERSION = YES;
				CLANG_WARN_OBJC_LITERAL_CONVERSION = YES;
				CLANG_WARN_OBJC_ROOT_CLASS = YES_ERROR;
				CLANG_WARN_RANGE_LOOP_ANALYSIS = YES;
				CLANG_WARN_STRICT_PROTOTYPES = YES;
				CLANG_WARN_SUSPICIOUS_MOVE = YES;
				CLANG_WARN_UNGUARDED_AVAILABILITY = YES_AGGRESSIVE;
				CLANG_WARN_UNREACHABLE_CODE = YES;
				CLANG_WARN__DUPLICATE_METHOD_MATCH = YES;
				CODE_SIGN_IDENTITY = "iPhone Developer";
				COPY_PHASE_STRIP = NO;
				DEBUG_INFORMATION_FORMAT = "dwarf-with-dsym";
				ENABLE_NS_ASSERTIONS = NO;
				ENABLE_STRICT_OBJC_MSGSEND = YES;
				GCC_C_LANGUAGE_STANDARD = gnu11;
				GCC_NO_COMMON_BLOCKS = YES;
				GCC_WARN_64_TO_32_BIT_CONVERSION = YES;
				GCC_WARN_ABOUT_RETURN_TYPE = YES_ERROR;
				GCC_WARN_UNDECLARED_SELECTOR = YES;
				GCC_WARN_UNINITIALIZED_AUTOS = YES_AGGRESSIVE;
				GCC_WARN_UNUSED_FUNCTION = YES;
				GCC_WARN_UNUSED_VARIABLE = YES;
				IPHONEOS_DEPLOYMENT_TARGET = 11.2;
				MTL_ENABLE_DEBUG_INFO = NO;
				SDKROOT = iphoneos;
				SWIFT_OPTIMIZATION_LEVEL = "-Owholemodule";
				VALIDATE_PRODUCT = YES;
			};
			name = Release;
		};
		FA491FCC2056B3CD00BA139F /* Debug */ = {
			isa = XCBuildConfiguration;
			baseConfigurationReference = 57742CE1B4355A7FC9A4F4C2 /* Pods-SampleFabric.debug.xcconfig */;
			buildSettings = {
				ASSETCATALOG_COMPILER_APPICON_NAME = AppIcon;
				CODE_SIGN_STYLE = Automatic;
				DEBUG_INFORMATION_FORMAT = "dwarf-with-dsym";
				DEVELOPMENT_TEAM = M25JU54534;
				INFOPLIST_FILE = "SampleFabric/Supporting Files/Info.plist";
				LD_RUNPATH_SEARCH_PATHS = "$(inherited) @executable_path/Frameworks";
				PRODUCT_BUNDLE_IDENTIFIER = br.com.sousaLeonardo.SampleFabric;
				PRODUCT_NAME = "$(TARGET_NAME)";
				SWIFT_VERSION = 4.0;
				TARGETED_DEVICE_FAMILY = 1;
			};
			name = Debug;
		};
		FA491FCD2056B3CD00BA139F /* Release */ = {
			isa = XCBuildConfiguration;
			baseConfigurationReference = 82CFC328C61BBEE8980ABD02 /* Pods-SampleFabric.release.xcconfig */;
			buildSettings = {
				ASSETCATALOG_COMPILER_APPICON_NAME = AppIcon;
				CODE_SIGN_STYLE = Automatic;
				DEVELOPMENT_TEAM = M25JU54534;
				INFOPLIST_FILE = "SampleFabric/Supporting Files/Info.plist";
				LD_RUNPATH_SEARCH_PATHS = "$(inherited) @executable_path/Frameworks";
				PRODUCT_BUNDLE_IDENTIFIER = br.com.sousaLeonardo.SampleFabric;
				PRODUCT_NAME = "$(TARGET_NAME)";
				SWIFT_VERSION = 4.0;
				TARGETED_DEVICE_FAMILY = 1;
			};
			name = Release;
		};
/* End XCBuildConfiguration section */

/* Begin XCConfigurationList section */
		FA491FB42056B3CC00BA139F /* Build configuration list for PBXProject "SampleFabric" */ = {
			isa = XCConfigurationList;
			buildConfigurations = (
				FA491FC92056B3CD00BA139F /* Debug */,
				FA491FCA2056B3CD00BA139F /* Release */,
			);
			defaultConfigurationIsVisible = 0;
			defaultConfigurationName = Release;
		};
		FA491FCB2056B3CD00BA139F /* Build configuration list for PBXNativeTarget "SampleFabric" */ = {
			isa = XCConfigurationList;
			buildConfigurations = (
				FA491FCC2056B3CD00BA139F /* Debug */,
				FA491FCD2056B3CD00BA139F /* Release */,
			);
			defaultConfigurationIsVisible = 0;
			defaultConfigurationName = Release;
		};
/* End XCConfigurationList section */
	};
	rootObject = FA491FB12056B3CC00BA139F /* Project object */;
}
